
Microsoft Visual Studio Solution File, Format Version 12.00
# Visual Studio Version 16
VisualStudioVersion = 16.0.28803.156
MinimumVisualStudioVersion = 10.0.40219.1
Project("{FAE04EC0-301F-11D3-BF4B-00C04F79EFBC}") = "07.13.2019", "07.13.2019\07.13.2019.csproj", "{554166D0-F9F3-4378-A5AC-81D064B02EDD}"
EndProject
Global
	GlobalSection(SolutionConfigurationPlatforms) = preSolution
		Debug|Any CPU = Debug|Any CPU
		Release|Any CPU = Release|Any CPU
	EndGlobalSection
	GlobalSection(ProjectConfigurationPlatforms) = postSolution
		{554166D0-F9F3-4378-A5AC-81D064B02EDD}.Debug|Any CPU.ActiveCfg = Debug|Any CPU
		{554166D0-F9F3-4378-A5AC-81D064B02EDD}.Debug|Any CPU.Build.0 = Debug|Any CPU
		{554166D0-F9F3-4378-A5AC-81D064B02EDD}.Release|Any CPU.ActiveCfg = Release|Any CPU
		{554166D0-F9F3-4378-A5AC-81D064B02EDD}.Release|Any CPU.Build.0 = Release|Any CPU
	EndGlobalSection
	GlobalSection(SolutionProperties) = preSolution
		HideSolutionNode = FALSE
	EndGlobalSection
	GlobalSection(ExtensibilityGlobals) = postSolution
		SolutionGuid = {2581B58F-459C-4B39-842A-18C15BC2AB3F}
	EndGlobalSection
EndGlobal
